{
  "name": "praticando_ts",
  "version": "1.0.0",
  "lockfileVersion": 1,
  "requires": true,
  "dependencies": {
    "@types/jquery": {
      "version": "2.0.49",
      "resolved": "https://registry.npmjs.org/@types/jquery/-/jquery-2.0.49.tgz",
      "integrity": "sha512-/9xLnYmohN/vD2gDnLS4cym8TUmrJu7DvZa/LELKzZjdPsvWVJiedsdu2SXNtb/DA7FGimqL2g0IoyhbNKLl8g==",
      "dev": true
    },
    "typescript": {
      "version": "3.0.3",
      "resolved": "https://registry.npmjs.org/typescript/-/typescript-3.0.3.tgz",
      "integrity": "sha512-kk80vLW9iGtjMnIv11qyxLqZm20UklzuR2tL0QAnDIygIUIemcZMxlMWudl9OOt76H3ntVzcTiddQ1/pAAJMYg==",
      "dev": true
    }
  }
}
